
Microsoft Visual Studio Solution File, Format Version 12.00
# Visual Studio 15
VisualStudioVersion = 15.0.27428.2037
MinimumVisualStudioVersion = 10.0.40219.1
Project("{FAE04EC0-301F-11D3-BF4B-00C04F79EFBC}") = "ImageProcessing", "ImageProcessing\ImageProcessing.csproj", "{6E7CAACB-84B7-4CD0-8CE5-18B874D17E6F}"
EndProject
Global
	GlobalSection(SolutionConfigurationPlatforms) = preSolution
		Debug|Any CPU = Debug|Any CPU
		Release|Any CPU = Release|Any CPU
	EndGlobalSection
	GlobalSection(ProjectConfigurationPlatforms) = postSolution
		{6E7CAACB-84B7-4CD0-8CE5-18B874D17E6F}.Debug|Any CPU.ActiveCfg = Debug|Any CPU
		{6E7CAACB-84B7-4CD0-8CE5-18B874D17E6F}.Debug|Any CPU.Build.0 = Debug|Any CPU
		{6E7CAACB-84B7-4CD0-8CE5-18B874D17E6F}.Release|Any CPU.ActiveCfg = Release|Any CPU
		{6E7CAACB-84B7-4CD0-8CE5-18B874D17E6F}.Release|Any CPU.Build.0 = Release|Any CPU
	EndGlobalSection
	GlobalSection(SolutionProperties) = preSolution
		HideSolutionNode = FALSE
	EndGlobalSection
	GlobalSection(ExtensibilityGlobals) = postSolution
		SolutionGuid = {8E4A2EF6-AEE7-4144-9C35-9B44CA3956BA}
	EndGlobalSection
EndGlobal
